
Microsoft Visual Studio Solution File, Format Version 12.00
# Visual Studio Version 16
VisualStudioVersion = 16.0.29020.237
MinimumVisualStudioVersion = 10.0.40219.1
Project("{FAE04EC0-301F-11D3-BF4B-00C04F79EFBC}") = "EmployeeTestQuiz", "EmployeeTestQuiz\EmployeeTestQuiz.csproj", "{34E04AB5-6E87-41AB-BE99-CA30D49D101B}"
EndProject
Project("{FAE04EC0-301F-11D3-BF4B-00C04F79EFBC}") = "UnitTestProject1", "UnitTestProject1\UnitTestProject1.csproj", "{419C7878-F0B6-46E2-9396-55363C98177F}"
EndProject
Global
	GlobalSection(SolutionConfigurationPlatforms) = preSolution
		Debug|Any CPU = Debug|Any CPU
		Release|Any CPU = Release|Any CPU
	EndGlobalSection
	GlobalSection(ProjectConfigurationPlatforms) = postSolution
		{34E04AB5-6E87-41AB-BE99-CA30D49D101B}.Debug|Any CPU.ActiveCfg = Debug|Any CPU
		{34E04AB5-6E87-41AB-BE99-CA30D49D101B}.Debug|Any CPU.Build.0 = Debug|Any CPU
		{34E04AB5-6E87-41AB-BE99-CA30D49D101B}.Release|Any CPU.ActiveCfg = Release|Any CPU
		{34E04AB5-6E87-41AB-BE99-CA30D49D101B}.Release|Any CPU.Build.0 = Release|Any CPU
		{419C7878-F0B6-46E2-9396-55363C98177F}.Debug|Any CPU.ActiveCfg = Debug|Any CPU
		{419C7878-F0B6-46E2-9396-55363C98177F}.Debug|Any CPU.Build.0 = Debug|Any CPU
		{419C7878-F0B6-46E2-9396-55363C98177F}.Release|Any CPU.ActiveCfg = Release|Any CPU
		{419C7878-F0B6-46E2-9396-55363C98177F}.Release|Any CPU.Build.0 = Release|Any CPU
	EndGlobalSection
	GlobalSection(SolutionProperties) = preSolution
		HideSolutionNode = FALSE
	EndGlobalSection
	GlobalSection(ExtensibilityGlobals) = postSolution
		SolutionGuid = {0340A1B6-AEF0-4F7B-9AB3-0CDA9DD3F175}
	EndGlobalSection
EndGlobal
